// !$*UTF8*$!
{
	archiveVersion = 1;
	classes = {
	};
	objectVersion = 50;
	objects = {

/* Begin PBXBuildFile section */
		7EA78CCE23596BC100D7B92F /* AppDelegate.m in Sources */ = {isa = PBXBuildFile; fileRef = 7EA78CCD23596BC100D7B92F /* AppDelegate.m */; };
		7EA78CD123596BC100D7B92F /* ViewController.m in Sources */ = {isa = PBXBuildFile; fileRef = 7EA78CD023596BC100D7B92F /* ViewController.m */; };
		7EA78CD423596BC100D7B92F /* Main.storyboard in Resources */ = {isa = PBXBuildFile; fileRef = 7EA78CD223596BC100D7B92F /* Main.storyboard */; };
		7EA78CD623596BC400D7B92F /* Assets.xcassets in Resources */ = {isa = PBXBuildFile; fileRef = 7EA78CD523596BC400D7B92F /* Assets.xcassets */; };
		7EA78CD923596BC400D7B92F /* LaunchScreen.storyboard in Resources */ = {isa = PBXBuildFile; fileRef = 7EA78CD723596BC400D7B92F /* LaunchScreen.storyboard */; };
		7EA78CDC23596BC400D7B92F /* main.m in Sources */ = {isa = PBXBuildFile; fileRef = 7EA78CDB23596BC400D7B92F /* main.m */; };
		7EA78CE423598D8600D7B92F /* UILabel+Addtion.m in Sources */ = {isa = PBXBuildFile; fileRef = 7EA78CE323598D8600D7B92F /* UILabel+Addtion.m */; };
		7ED36FAA235D483700F9D9E4 /* UITapGestureRecognizer+Addtion.m in Sources */ = {isa = PBXBuildFile; fileRef = 7ED36FA9235D483700F9D9E4 /* UITapGestureRecognizer+Addtion.m */; };
		893472E1715B97B57E81ABD0 /* libPods-TruncationText.a in Frameworks */ = {isa = PBXBuildFile; fileRef = E43CDC58EF6175D2D9ECD038 /* libPods-TruncationText.a */; };
/* End PBXBuildFile section */

/* Begin PBXFileReference section */
		10E3A90F56099DAE196D0911 /* Pods-TruncationText.debug.xcconfig */ = {isa = PBXFileReference; includeInIndex = 1; lastKnownFileType = text.xcconfig; name = "Pods-TruncationText.debug.xcconfig"; path = "Target Support Files/Pods-TruncationText/Pods-TruncationText.debug.xcconfig"; sourceTree = "<group>"; };
		7EA78CC923596BC100D7B92F /* TruncationText.app */ = {isa = PBXFileReference; explicitFileType = wrapper.application; includeInIndex = 0; path = TruncationText.app; sourceTree = BUILT_PRODUCTS_DIR; };
		7EA78CCC23596BC100D7B92F /* AppDelegate.h */ = {isa = PBXFileReference; lastKnownFileType = sourcecode.c.h; path = AppDelegate.h; sourceTree = "<group>"; };
		7EA78CCD23596BC100D7B92F /* AppDelegate.m */ = {isa = PBXFileReference; lastKnownFileType = sourcecode.c.objc; path = AppDelegate.m; sourceTree = "<group>"; };
		7EA78CCF23596BC100D7B92F /* ViewController.h */ = {isa = PBXFileReference; lastKnownFileType = sourcecode.c.h; path = ViewController.h; sourceTree = "<group>"; };
		7EA78CD023596BC100D7B92F /* ViewController.m */ = {isa = PBXFileReference; lastKnownFileType = sourcecode.c.objc; path = ViewController.m; sourceTree = "<group>"; };
		7EA78CD323596BC100D7B92F /* Base */ = {isa = PBXFileReference; lastKnownFileType = file.storyboard; name = Base; path = Base.lproj/Main.storyboard; sourceTree = "<group>"; };
		7EA78CD523596BC400D7B92F /* Assets.xcassets */ = {isa = PBXFileReference; lastKnownFileType = folder.assetcatalog; path = Assets.xcassets; sourceTree = "<group>"; };
		7EA78CD823596BC400D7B92F /* Base */ = {isa = PBXFileReference; lastKnownFileType = file.storyboard; name = Base; path = Base.lproj/LaunchScreen.storyboard; sourceTree = "<group>"; };
		7EA78CDA23596BC400D7B92F /* Info.plist */ = {isa = PBXFileReference; lastKnownFileType = text.plist.xml; path = Info.plist; sourceTree = "<group>"; };
		7EA78CDB23596BC400D7B92F /* main.m */ = {isa = PBXFileReference; lastKnownFileType = sourcecode.c.objc; path = main.m; sourceTree = "<group>"; };
		7EA78CE223598D8600D7B92F /* UILabel+Addtion.h */ = {isa = PBXFileReference; lastKnownFileType = sourcecode.c.h; path = "UILabel+Addtion.h"; sourceTree = "<group>"; };
		7EA78CE323598D8600D7B92F /* UILabel+Addtion.m */ = {isa = PBXFileReference; lastKnownFileType = sourcecode.c.objc; path = "UILabel+Addtion.m"; sourceTree = "<group>"; };
		7ED36FA8235D483700F9D9E4 /* UITapGestureRecognizer+Addtion.h */ = {isa = PBXFileReference; lastKnownFileType = sourcecode.c.h; path = "UITapGestureRecognizer+Addtion.h"; sourceTree = "<group>"; };
		7ED36FA9235D483700F9D9E4 /* UITapGestureRecognizer+Addtion.m */ = {isa = PBXFileReference; lastKnownFileType = sourcecode.c.objc; path = "UITapGestureRecognizer+Addtion.m"; sourceTree = "<group>"; };
		9B3209FBDAE574F5FE18BAF2 /* Pods-TruncationText.release.xcconfig */ = {isa = PBXFileReference; includeInIndex = 1; lastKnownFileType = text.xcconfig; name = "Pods-TruncationText.release.xcconfig"; path = "Target Support Files/Pods-TruncationText/Pods-TruncationText.release.xcconfig"; sourceTree = "<group>"; };
		E43CDC58EF6175D2D9ECD038 /* libPods-TruncationText.a */ = {isa = PBXFileReference; explicitFileType = archive.ar; includeInIndex = 0; path = "libPods-TruncationText.a"; sourceTree = BUILT_PRODUCTS_DIR; };
/* End PBXFileReference section */

/* Begin PBXFrameworksBuildPhase section */
		7EA78CC623596BC100D7B92F /* Frameworks */ = {
			isa = PBXFrameworksBuildPhase;
			buildActionMask = 2147483647;
			files = (
				893472E1715B97B57E81ABD0 /* libPods-TruncationText.a in Frameworks */,
			);
			runOnlyForDeploymentPostprocessing = 0;
		};
/* End PBXFrameworksBuildPhase section */

/* Begin PBXGroup section */
		70D5F988CDEF745D0ECB9CB6 /* Frameworks */ = {
			isa = PBXGroup;
			children = (
				E43CDC58EF6175D2D9ECD038 /* libPods-TruncationText.a */,
			);
			name = Frameworks;
			sourceTree = "<group>";
		};
		7EA78CC023596BC100D7B92F = {
			isa = PBXGroup;
			children = (
				7EA78CCB23596BC100D7B92F /* TruncationText */,
				7EA78CCA23596BC100D7B92F /* Products */,
				93B681090ED49EDBE6AA6545 /* Pods */,
				70D5F988CDEF745D0ECB9CB6 /* Frameworks */,
			);
			sourceTree = "<group>";
		};
		7EA78CCA23596BC100D7B92F /* Products */ = {
			isa = PBXGroup;
			children = (
				7EA78CC923596BC100D7B92F /* TruncationText.app */,
			);
			name = Products;
			sourceTree = "<group>";
		};
		7EA78CCB23596BC100D7B92F /* TruncationText */ = {
			isa = PBXGroup;
			children = (
				7EA78CCC23596BC100D7B92F /* AppDelegate.h */,
				7EA78CCD23596BC100D7B92F /* AppDelegate.m */,
				7EA78CCF23596BC100D7B92F /* ViewController.h */,
				7EA78CD023596BC100D7B92F /* ViewController.m */,
				7EA78CE223598D8600D7B92F /* UILabel+Addtion.h */,
				7EA78CE323598D8600D7B92F /* UILabel+Addtion.m */,
				7ED36FA8235D483700F9D9E4 /* UITapGestureRecognizer+Addtion.h */,
				7ED36FA9235D483700F9D9E4 /* UITapGestureRecognizer+Addtion.m */,
				7EA78CD223596BC100D7B92F /* Main.storyboard */,
				7EA78CD523596BC400D7B92F /* Assets.xcassets */,
				7EA78CD723596BC400D7B92F /* LaunchScreen.storyboard */,
				7EA78CDA23596BC400D7B92F /* Info.plist */,
				7EA78CDB23596BC400D7B92F /* main.m */,
			);
			path = TruncationText;
			sourceTree = "<group>";
		};
		93B681090ED49EDBE6AA6545 /* Pods */ = {
			isa = PBXGroup;
			children = (
				10E3A90F56099DAE196D0911 /* Pods-TruncationText.debug.xcconfig */,
				9B3209FBDAE574F5FE18BAF2 /* Pods-TruncationText.release.xcconfig */,
			);
			path = Pods;
			sourceTree = "<group>";
		};
/* End PBXGroup section */

/* Begin PBXNativeTarget section */
		7EA78CC823596BC100D7B92F /* TruncationText */ = {
			isa = PBXNativeTarget;
			buildConfigurationList = 7EA78CDF23596BC400D7B92F /* Build configuration list for PBXNativeTarget "TruncationText" */;
			buildPhases = (
				302131D1D8BBB331CB11210E /* [CP] Check Pods Manifest.lock */,
				7EA78CC523596BC100D7B92F /* Sources */,
				7EA78CC623596BC100D7B92F /* Frameworks */,
				7EA78CC723596BC100D7B92F /* Resources */,
			);
			buildRules = (
			);
			dependencies = (
			);
			name = TruncationText;
			productName = TruncationText;
			productReference = 7EA78CC923596BC100D7B92F /* TruncationText.app */;
			productType = "com.apple.product-type.application";
		};
/* End PBXNativeTarget section */

/* Begin PBXProject section */
		7EA78CC123596BC100D7B92F /* Project object */ = {
			isa = PBXProject;
			attributes = {
				LastUpgradeCheck = 1020;
				ORGANIZATIONNAME = huangjian;
				TargetAttributes = {
					7EA78CC823596BC100D7B92F = {
						CreatedOnToolsVersion = 10.2.1;
					};
				};
			};
			buildConfigurationList = 7EA78CC423596BC100D7B92F /* Build configuration list for PBXProject "TruncationText" */;
			compatibilityVersion = "Xcode 9.3";
			developmentRegion = en;
			hasScannedForEncodings = 0;
			knownRegions = (
				en,
				Base,
			);
			mainGroup = 7EA78CC023596BC100D7B92F;
			productRefGroup = 7EA78CCA23596BC100D7B92F /* Products */;
			projectDirPath = "";
			projectRoot = "";
			targets = (
				7EA78CC823596BC100D7B92F /* TruncationText */,
			);
		};
/* End PBXProject section */

/* Begin PBXResourcesBuildPhase section */
		7EA78CC723596BC100D7B92F /* Resources */ = {
			isa = PBXResourcesBuildPhase;
			buildActionMask = 2147483647;
			files = (
				7EA78CD923596BC400D7B92F /* LaunchScreen.storyboard in Resources */,
				7EA78CD623596BC400D7B92F /* Assets.xcassets in Resources */,
				7EA78CD423596BC100D7B92F /* Main.storyboard in Resources */,
			);
			runOnlyForDeploymentPostprocessing = 0;
		};
/* End PBXResourcesBuildPhase section */

/* Begin PBXShellScriptBuildPhase section */
		302131D1D8BBB331CB11210E /* [CP] Check Pods Manifest.lock */ = {
			isa = PBXShellScriptBuildPhase;
			buildActionMask = 2147483647;
			files = (
			);
			inputFileListPaths = (
			);
			inputPaths = (
				"${PODS_PODFILE_DIR_PATH}/Podfile.lock",
				"${PODS_ROOT}/Manifest.lock",
			);
			name = "[CP] Check Pods Manifest.lock";
			outputFileListPaths = (
			);
			outputPaths = (
				"$(DERIVED_FILE_DIR)/Pods-TruncationText-checkManifestLockResult.txt",
			);
			runOnlyForDeploymentPostprocessing = 0;
			shellPath = /bin/sh;
			shellScript = "diff \"${PODS_PODFILE_DIR_PATH}/Podfile.lock\" \"${PODS_ROOT}/Manifest.lock\" > /dev/null\nif [ $? != 0 ] ; then\n    # print error to STDERR\n    echo \"error: The sandbox is not in sync with the Podfile.lock. Run 'pod install' or update your CocoaPods installation.\" >&2\n    exit 1\nfi\n# This output is used by Xcode 'outputs' to avoid re-running this script phase.\necho \"SUCCESS\" > \"${SCRIPT_OUTPUT_FILE_0}\"\n";
			showEnvVarsInLog = 0;
		};
/* End PBXShellScriptBuildPhase section */

/* Begin PBXSourcesBuildPhase section */
		7EA78CC523596BC100D7B92F /* Sources */ = {
			isa = PBXSourcesBuildPhase;
			buildActionMask = 2147483647;
			files = (
				7EA78CE423598D8600D7B92F /* UILabel+Addtion.m in Sources */,
				7ED36FAA235D483700F9D9E4 /* UITapGestureRecognizer+Addtion.m in Sources */,
				7EA78CD123596BC100D7B92F /* ViewController.m in Sources */,
				7EA78CDC23596BC400D7B92F /* main.m in Sources */,
				7EA78CCE23596BC100D7B92F /* AppDelegate.m in Sources */,
			);
			runOnlyForDeploymentPostprocessing = 0;
		};
/* End PBXSourcesBuildPhase section */

/* Begin PBXVariantGroup section */
		7EA78CD223596BC100D7B92F /* Main.storyboard */ = {
			isa = PBXVariantGroup;
			children = (
				7EA78CD323596BC100D7B92F /* Base */,
			);
			name = Main.storyboard;
			sourceTree = "<group>";
		};
		7EA78CD723596BC400D7B92F /* LaunchScreen.storyboard */ = {
			isa = PBXVariantGroup;
			children = (
				7EA78CD823596BC400D7B92F /* Base */,
			);
			name = LaunchScreen.storyboard;
			sourceTree = "<group>";
		};
/* End PBXVariantGroup section */

/* Begin XCBuildConfiguration section */
		7EA78CDD23596BC400D7B92F /* Debug */ = {
			isa = XCBuildConfiguration;
			buildSettings = {
				ALWAYS_SEARCH_USER_PATHS = NO;
				CLANG_ANALYZER_NONNULL = YES;
				CLANG_ANALYZER_NUMBER_OBJECT_CONVERSION = YES_AGGRESSIVE;
				CLANG_CXX_LANGUAGE_STANDARD = "gnu++14";
				CLANG_CXX_LIBRARY = "libc++";
				CLANG_ENABLE_MODULES = YES;
				CLANG_ENABLE_OBJC_ARC = YES;
				CLANG_ENABLE_OBJC_WEAK = YES;
				CLANG_WARN_BLOCK_CAPTURE_AUTORELEASING = YES;
				CLANG_WARN_BOOL_CONVERSION = YES;
				CLANG_WARN_COMMA = YES;
				CLANG_WARN_CONSTANT_CONVERSION = YES;
				CLANG_WARN_DEPRECATED_OBJC_IMPLEMENTATIONS = YES;
				CLANG_WARN_DIRECT_OBJC_ISA_USAGE = YES_ERROR;
				CLANG_WARN_DOCUMENTATION_COMMENTS = YES;
				CLANG_WARN_EMPTY_BODY = YES;
				CLANG_WARN_ENUM_CONVERSION = YES;
				CLANG_WARN_INFINITE_RECURSION = YES;
				CLANG_WARN_INT_CONVERSION = YES;
				CLANG_WARN_NON_LITERAL_NULL_CONVERSION = YES;
				CLANG_WARN_OBJC_IMPLICIT_RETAIN_SELF = YES;
				CLANG_WARN_OBJC_LITERAL_CONVERSION = YES;
				CLANG_WARN_OBJC_ROOT_CLASS = YES_ERROR;
				CLANG_WARN_RANGE_LOOP_ANALYSIS = YES;
				CLANG_WARN_STRICT_PROTOTYPES = YES;
				CLANG_WARN_SUSPICIOUS_MOVE = YES;
				CLANG_WARN_UNGUARDED_AVAILABILITY = YES_AGGRESSIVE;
				CLANG_WARN_UNREACHABLE_CODE = YES;
				CLANG_WARN__DUPLICATE_METHOD_MATCH = YES;
				CODE_SIGN_IDENTITY = "iPhone Developer";
				COPY_PHASE_STRIP = NO;
				DEBUG_INFORMATION_FORMAT = dwarf;
				ENABLE_STRICT_OBJC_MSGSEND = YES;
				ENABLE_TESTABILITY = YES;
				GCC_C_LANGUAGE_STANDARD = gnu11;
				GCC_DYNAMIC_NO_PIC = NO;
				GCC_NO_COMMON_BLOCKS = YES;
				GCC_OPTIMIZATION_LEVEL = 0;
				GCC_PREPROCESSOR_DEFINITIONS = (
					"DEBUG=1",
					"$(inherited)",
				);
				GCC_WARN_64_TO_32_BIT_CONVERSION = YES;
				GCC_WARN_ABOUT_RETURN_TYPE = YES_ERROR;
				GCC_WARN_UNDECLARED_SELECTOR = YES;
				GCC_WARN_UNINITIALIZED_AUTOS = YES_AGGRESSIVE;
				GCC_WARN_UNUSED_FUNCTION = YES;
				GCC_WARN_UNUSED_VARIABLE = YES;
				IPHONEOS_DEPLOYMENT_TARGET = 12.2;
				MTL_ENABLE_DEBUG_INFO = INCLUDE_SOURCE;
				MTL_FAST_MATH = YES;
				ONLY_ACTIVE_ARCH = YES;
				SDKROOT = iphoneos;
			};
			name = Debug;
		};
		7EA78CDE23596BC400D7B92F /* Release */ = {
			isa = XCBuildConfiguration;
			buildSettings = {
				ALWAYS_SEARCH_USER_PATHS = NO;
				CLANG_ANALYZER_NONNULL = YES;
				CLANG_ANALYZER_NUMBER_OBJECT_CONVERSION = YES_AGGRESSIVE;
				CLANG_CXX_LANGUAGE_STANDARD = "gnu++14";
				CLANG_CXX_LIBRARY = "libc++";
				CLANG_ENABLE_MODULES = YES;
				CLANG_ENABLE_OBJC_ARC = YES;
				CLANG_ENABLE_OBJC_WEAK = YES;
				CLANG_WARN_BLOCK_CAPTURE_AUTORELEASING = YES;
				CLANG_WARN_BOOL_CONVERSION = YES;
				CLANG_WARN_COMMA = YES;
				CLANG_WARN_CONSTANT_CONVERSION = YES;
				CLANG_WARN_DEPRECATED_OBJC_IMPLEMENTATIONS = YES;
				CLANG_WARN_DIRECT_OBJC_ISA_USAGE = YES_ERROR;
				CLANG_WARN_DOCUMENTATION_COMMENTS = YES;
				CLANG_WARN_EMPTY_BODY = YES;
				CLANG_WARN_ENUM_CONVERSION = YES;
				CLANG_WARN_INFINITE_RECURSION = YES;
				CLANG_WARN_INT_CONVERSION = YES;
				CLANG_WARN_NON_LITERAL_NULL_CONVERSION = YES;
				CLANG_WARN_OBJC_IMPLICIT_RETAIN_SELF = YES;
				CLANG_WARN_OBJC_LITERAL_CONVERSION = YES;
				CLANG_WARN_OBJC_ROOT_CLASS = YES_ERROR;
				CLANG_WARN_RANGE_LOOP_ANALYSIS = YES;
				CLANG_WARN_STRICT_PROTOTYPES = YES;
				CLANG_WARN_SUSPICIOUS_MOVE = YES;
				CLANG_WARN_UNGUARDED_AVAILABILITY = YES_AGGRESSIVE;
				CLANG_WARN_UNREACHABLE_CODE = YES;
				CLANG_WARN__DUPLICATE_METHOD_MATCH = YES;
				CODE_SIGN_IDENTITY = "iPhone Developer";
				COPY_PHASE_STRIP = NO;
				DEBUG_INFORMATION_FORMAT = "dwarf-with-dsym";
				ENABLE_NS_ASSERTIONS = NO;
				ENABLE_STRICT_OBJC_MSGSEND = YES;
				GCC_C_LANGUAGE_STANDARD = gnu11;
				GCC_NO_COMMON_BLOCKS = YES;
				GCC_WARN_64_TO_32_BIT_CONVERSION = YES;
				GCC_WARN_ABOUT_RETURN_TYPE = YES_ERROR;
				GCC_WARN_UNDECLARED_SELECTOR = YES;
				GCC_WARN_UNINITIALIZED_AUTOS = YES_AGGRESSIVE;
				GCC_WARN_UNUSED_FUNCTION = YES;
				GCC_WARN_UNUSED_VARIABLE = YES;
				IPHONEOS_DEPLOYMENT_TARGET = 12.2;
				MTL_ENABLE_DEBUG_INFO = NO;
				MTL_FAST_MATH = YES;
				SDKROOT = iphoneos;
				VALIDATE_PRODUCT = YES;
			};
			name = Release;
		};
		7EA78CE023596BC400D7B92F /* Debug */ = {
			isa = XCBuildConfiguration;
			baseConfigurationReference = 10E3A90F56099DAE196D0911 /* Pods-TruncationText.debug.xcconfig */;
			buildSettings = {
				ASSETCATALOG_COMPILER_APPICON_NAME = AppIcon;
				CODE_SIGN_STYLE = Automatic;
				INFOPLIST_FILE = TruncationText/Info.plist;
				LD_RUNPATH_SEARCH_PATHS = (
					"$(inherited)",
					"@executable_path/Frameworks",
				);
				PRODUCT_BUNDLE_IDENTIFIER = super.TruncationText;
				PRODUCT_NAME = "$(TARGET_NAME)";
				TARGETED_DEVICE_FAMILY = "1,2";
			};
			name = Debug;
		};
		7EA78CE123596BC400D7B92F /* Release */ = {
			isa = XCBuildConfiguration;
			baseConfigurationReference = 9B3209FBDAE574F5FE18BAF2 /* Pods-TruncationText.release.xcconfig */;
			buildSettings = {
				ASSETCATALOG_COMPILER_APPICON_NAME = AppIcon;
				CODE_SIGN_STYLE = Automatic;
				INFOPLIST_FILE = TruncationText/Info.plist;
				LD_RUNPATH_SEARCH_PATHS = (
					"$(inherited)",
					"@executable_path/Frameworks",
				);
				PRODUCT_BUNDLE_IDENTIFIER = super.TruncationText;
				PRODUCT_NAME = "$(TARGET_NAME)";
				TARGETED_DEVICE_FAMILY = "1,2";
			};
			name = Release;
		};
/* End XCBuildConfiguration section */

/* Begin XCConfigurationList section */
		7EA78CC423596BC100D7B92F /* Build configuration list for PBXProject "TruncationText" */ = {
			isa = XCConfigurationList;
			buildConfigurations = (
				7EA78CDD23596BC400D7B92F /* Debug */,
				7EA78CDE23596BC400D7B92F /* Release */,
			);
			defaultConfigurationIsVisible = 0;
			defaultConfigurationName = Release;
		};
		7EA78CDF23596BC400D7B92F /* Build configuration list for PBXNativeTarget "TruncationText" */ = {
			isa = XCConfigurationList;
			buildConfigurations = (
				7EA78CE023596BC400D7B92F /* Debug */,
				7EA78CE123596BC400D7B92F /* Release */,
			);
			defaultConfigurationIsVisible = 0;
			defaultConfigurationName = Release;
		};
/* End XCConfigurationList section */
	};
	rootObject = 7EA78CC123596BC100D7B92F /* Project object */;
}
